Microsoft Visual Studio Solution File, Format Version 12.00
# Visual Studio 2013
VisualStudioVersion = 12.0.30501.0
MinimumVisualStudioVersion = 10.0.40219.1
Project("{FAE04EC0-301F-11D3-BF4B-00C04F79EFBC}") = "YouTrackSharp", "YouTrackSharp\YouTrackSharp.csproj", "{4E8C522A-20D3-474F-87B7-C5FBA96DFFF3}"
EndProject
Project("{FAE04EC0-301F-11D3-BF4B-00C04F79EFBC}") = "YouTrackSharp.Specs", "YouTrackSharp.Specs\YouTrackSharp.Specs.csproj", "{84C0D8A7-8E55-45F9-A929-DD99514E45E6}"
EndProject
Global
	GlobalSection(SolutionConfigurationPlatforms) = preSolution
		Debug|Any CPU = Debug|Any CPU
		Release|Any CPU = Release|Any CPU
	EndGlobalSection
	GlobalSection(ProjectConfigurationPlatforms) = postSolution
		{4E8C522A-20D3-474F-87B7-C5FBA96DFFF3}.Debug|Any CPU.ActiveCfg = Debug|Any CPU
		{4E8C522A-20D3-474F-87B7-C5FBA96DFFF3}.Debug|Any CPU.Build.0 = Debug|Any CPU
		{4E8C522A-20D3-474F-87B7-C5FBA96DFFF3}.Release|Any CPU.ActiveCfg = Release|Any CPU
		{4E8C522A-20D3-474F-87B7-C5FBA96DFFF3}.Release|Any CPU.Build.0 = Release|Any CPU
		{84C0D8A7-8E55-45F9-A929-DD99514E45E6}.Debug|Any CPU.ActiveCfg = Debug|Any CPU
		{84C0D8A7-8E55-45F9-A929-DD99514E45E6}.Debug|Any CPU.Build.0 = Debug|Any CPU
		{84C0D8A7-8E55-45F9-A929-DD99514E45E6}.Release|Any CPU.ActiveCfg = Release|Any CPU
		{84C0D8A7-8E55-45F9-A929-DD99514E45E6}.Release|Any CPU.Build.0 = Release|Any CPU
	EndGlobalSection
	GlobalSection(SolutionProperties) = preSolution
		HideSolutionNode = FALSE
	EndGlobalSection
EndGlobal
